
Microsoft Visual Studio Solution File, Format Version 12.00
# Visual Studio Version 17
VisualStudioVersion = 17.13.35818.85 d17.13
MinimumVisualStudioVersion = 10.0.40219.1
Project("{8BC9CEB8-8B4A-11D0-8D11-00A0C91BC942}") = "HelloWorld", "HelloWorld\HelloWorld.vcxproj", "{C7DC04C9-2FE3-4BC5-B781-F6B6F5340BF6}"
EndProject
Project("{8BC9CEB8-8B4A-11D0-8D11-00A0C91BC942}") = "Valiable", "Valiable.c\Valiable.c.vcxproj", "{5AFA0D5A-F85F-4060-91FC-B2D0B452249C}"
EndProject
Project("{8BC9CEB8-8B4A-11D0-8D11-00A0C91BC942}") = "Const_", "Const_\Const_.vcxproj", "{22BD4C29-A029-4B6E-B371-AC3837625568}"
EndProject
Project("{8BC9CEB8-8B4A-11D0-8D11-00A0C91BC942}") = "Operator", "Operator\Operator.vcxproj", "{50D4F780-EA80-45DA-8493-2D157B2F0684}"
EndProject
Project("{8BC9CEB8-8B4A-11D0-8D11-00A0C91BC942}") = "IfCondition", "IfCondition\IfCondition.vcxproj", "{10493A8B-FA64-4498-9CA8-59C54998A938}"
EndProject
Project("{8BC9CEB8-8B4A-11D0-8D11-00A0C91BC942}") = "ForLoopStatement", "ForLoopStatement\ForLoopStatement.vcxproj", "{A12EBCB9-2774-4AEA-8852-4F2FA536E08F}"
EndProject
Project("{8BC9CEB8-8B4A-11D0-8D11-00A0C91BC942}") = "StringBasic", "StringBasic\StringBasic.vcxproj", "{F112DD05-AB2A-4C2F-83FD-4A003DB7C268}"
EndProject
Project("{8BC9CEB8-8B4A-11D0-8D11-00A0C91BC942}") = "FuncBasic", "FuncBasic\FuncBasic.vcxproj", "{85ADFC80-A424-4E2F-8B47-B92DF2A8A298}"
EndProject
Project("{8BC9CEB8-8B4A-11D0-8D11-00A0C91BC942}") = "CharBasic", "CharBasic\CharBasic.vcxproj", "{BF807482-828F-464D-9A52-CB85D79BCCEA}"
EndProject
Project("{8BC9CEB8-8B4A-11D0-8D11-00A0C91BC942}") = "IntegerBasic", "IntegerBasic\IntegerBasic.vcxproj", "{2853AC03-053D-4ACC-B29B-B796EB6DF9B2}"
EndProject
Project("{8BC9CEB8-8B4A-11D0-8D11-00A0C91BC942}") = "DoubleBasic", "DoubleBasic\DoubleBasic.vcxproj", "{4A947922-CE57-408F-AA11-304C61E39EC7}"
EndProject
Project("{8BC9CEB8-8B4A-11D0-8D11-00A0C91BC942}") = "BooleanBasic", "BooleanBasic\BooleanBasic.vcxproj", "{F35A5A76-1811-4564-AA7A-A26C1A71B8EF}"
EndProject
Project("{8BC9CEB8-8B4A-11D0-8D11-00A0C91BC942}") = "CharVariableBasic", "CharVariableBasic\CharVariableBasic.vcxproj", "{1FFD7E77-C014-4238-9F24-327B536BC4CC}"
EndProject
Project("{8BC9CEB8-8B4A-11D0-8D11-00A0C91BC942}") = "CharConstBasic", "CharConstBasic\CharConstBasic.vcxproj", "{DA51CD05-908E-4953-8610-F5308F589D37}"
EndProject
Global
	GlobalSection(SolutionConfigurationPlatforms) = preSolution
		Debug|x64 = Debug|x64
		Debug|x86 = Debug|x86
		Release|x64 = Release|x64
		Release|x86 = Release|x86
	EndGlobalSection
	GlobalSection(ProjectConfigurationPlatforms) = postSolution
		{C7DC04C9-2FE3-4BC5-B781-F6B6F5340BF6}.Debug|x64.ActiveCfg = Debug|x64
		{C7DC04C9-2FE3-4BC5-B781-F6B6F5340BF6}.Debug|x64.Build.0 = Debug|x64
		{C7DC04C9-2FE3-4BC5-B781-F6B6F5340BF6}.Debug|x86.ActiveCfg = Debug|Win32
		{C7DC04C9-2FE3-4BC5-B781-F6B6F5340BF6}.Debug|x86.Build.0 = Debug|Win32
		{C7DC04C9-2FE3-4BC5-B781-F6B6F5340BF6}.Release|x64.ActiveCfg = Release|x64
		{C7DC04C9-2FE3-4BC5-B781-F6B6F5340BF6}.Release|x64.Build.0 = Release|x64
		{C7DC04C9-2FE3-4BC5-B781-F6B6F5340BF6}.Release|x86.ActiveCfg = Release|Win32
		{C7DC04C9-2FE3-4BC5-B781-F6B6F5340BF6}.Release|x86.Build.0 = Release|Win32
		{5AFA0D5A-F85F-4060-91FC-B2D0B452249C}.Debug|x64.ActiveCfg = Debug|x64
		{5AFA0D5A-F85F-4060-91FC-B2D0B452249C}.Debug|x64.Build.0 = Debug|x64
		{5AFA0D5A-F85F-4060-91FC-B2D0B452249C}.Debug|x86.ActiveCfg = Debug|Win32
		{5AFA0D5A-F85F-4060-91FC-B2D0B452249C}.Debug|x86.Build.0 = Debug|Win32
		{5AFA0D5A-F85F-4060-91FC-B2D0B452249C}.Release|x64.ActiveCfg = Release|x64
		{5AFA0D5A-F85F-4060-91FC-B2D0B452249C}.Release|x64.Build.0 = Release|x64
		{5AFA0D5A-F85F-4060-91FC-B2D0B452249C}.Release|x86.ActiveCfg = Release|Win32
		{5AFA0D5A-F85F-4060-91FC-B2D0B452249C}.Release|x86.Build.0 = Release|Win32
		{22BD4C29-A029-4B6E-B371-AC3837625568}.Debug|x64.ActiveCfg = Debug|x64
		{22BD4C29-A029-4B6E-B371-AC3837625568}.Debug|x64.Build.0 = Debug|x64
		{22BD4C29-A029-4B6E-B371-AC3837625568}.Debug|x86.ActiveCfg = Debug|Win32
		{22BD4C29-A029-4B6E-B371-AC3837625568}.Debug|x86.Build.0 = Debug|Win32
		{22BD4C29-A029-4B6E-B371-AC3837625568}.Release|x64.ActiveCfg = Release|x64
		{22BD4C29-A029-4B6E-B371-AC3837625568}.Release|x64.Build.0 = Release|x64
		{22BD4C29-A029-4B6E-B371-AC3837625568}.Release|x86.ActiveCfg = Release|Win32
		{22BD4C29-A029-4B6E-B371-AC3837625568}.Release|x86.Build.0 = Release|Win32
		{50D4F780-EA80-45DA-8493-2D157B2F0684}.Debug|x64.ActiveCfg = Debug|x64
		{50D4F780-EA80-45DA-8493-2D157B2F0684}.Debug|x64.Build.0 = Debug|x64
		{50D4F780-EA80-45DA-8493-2D157B2F0684}.Debug|x86.ActiveCfg = Debug|Win32
		{50D4F780-EA80-45DA-8493-2D157B2F0684}.Debug|x86.Build.0 = Debug|Win32
		{50D4F780-EA80-45DA-8493-2D157B2F0684}.Release|x64.ActiveCfg = Release|x64
		{50D4F780-EA80-45DA-8493-2D157B2F0684}.Release|x64.Build.0 = Release|x64
		{50D4F780-EA80-45DA-8493-2D157B2F0684}.Release|x86.ActiveCfg = Release|Win32
		{50D4F780-EA80-45DA-8493-2D157B2F0684}.Release|x86.Build.0 = Release|Win32
		{10493A8B-FA64-4498-9CA8-59C54998A938}.Debug|x64.ActiveCfg = Debug|x64
		{10493A8B-FA64-4498-9CA8-59C54998A938}.Debug|x64.Build.0 = Debug|x64
		{10493A8B-FA64-4498-9CA8-59C54998A938}.Debug|x86.ActiveCfg = Debug|Win32
		{10493A8B-FA64-4498-9CA8-59C54998A938}.Debug|x86.Build.0 = Debug|Win32
		{10493A8B-FA64-4498-9CA8-59C54998A938}.Release|x64.ActiveCfg = Release|x64
		{10493A8B-FA64-4498-9CA8-59C54998A938}.Release|x64.Build.0 = Release|x64
		{10493A8B-FA64-4498-9CA8-59C54998A938}.Release|x86.ActiveCfg = Release|Win32
		{10493A8B-FA64-4498-9CA8-59C54998A938}.Release|x86.Build.0 = Release|Win32
		{A12EBCB9-2774-4AEA-8852-4F2FA536E08F}.Debug|x64.ActiveCfg = Debug|x64
		{A12EBCB9-2774-4AEA-8852-4F2FA536E08F}.Debug|x64.Build.0 = Debug|x64
		{A12EBCB9-2774-4AEA-8852-4F2FA536E08F}.Debug|x86.ActiveCfg = Debug|Win32
		{A12EBCB9-2774-4AEA-8852-4F2FA536E08F}.Debug|x86.Build.0 = Debug|Win32
		{A12EBCB9-2774-4AEA-8852-4F2FA536E08F}.Release|x64.ActiveCfg = Release|x64
		{A12EBCB9-2774-4AEA-8852-4F2FA536E08F}.Release|x64.Build.0 = Release|x64
		{A12EBCB9-2774-4AEA-8852-4F2FA536E08F}.Release|x86.ActiveCfg = Release|Win32
		{A12EBCB9-2774-4AEA-8852-4F2FA536E08F}.Release|x86.Build.0 = Release|Win32
		{F112DD05-AB2A-4C2F-83FD-4A003DB7C268}.Debug|x64.ActiveCfg = Debug|x64
		{F112DD05-AB2A-4C2F-83FD-4A003DB7C268}.Debug|x64.Build.0 = Debug|x64
		{F112DD05-AB2A-4C2F-83FD-4A003DB7C268}.Debug|x86.ActiveCfg = Debug|Win32
		{F112DD05-AB2A-4C2F-83FD-4A003DB7C268}.Debug|x86.Build.0 = Debug|Win32
		{F112DD05-AB2A-4C2F-83FD-4A003DB7C268}.Release|x64.ActiveCfg = Release|x64
		{F112DD05-AB2A-4C2F-83FD-4A003DB7C268}.Release|x64.Build.0 = Release|x64
		{F112DD05-AB2A-4C2F-83FD-4A003DB7C268}.Release|x86.ActiveCfg = Release|Win32
		{F112DD05-AB2A-4C2F-83FD-4A003DB7C268}.Release|x86.Build.0 = Release|Win32
		{85ADFC80-A424-4E2F-8B47-B92DF2A8A298}.Debug|x64.ActiveCfg = Debug|x64
		{85ADFC80-A424-4E2F-8B47-B92DF2A8A298}.Debug|x64.Build.0 = Debug|x64
		{85ADFC80-A424-4E2F-8B47-B92DF2A8A298}.Debug|x86.ActiveCfg = Debug|Win32
		{85ADFC80-A424-4E2F-8B47-B92DF2A8A298}.Debug|x86.Build.0 = Debug|Win32
		{85ADFC80-A424-4E2F-8B47-B92DF2A8A298}.Release|x64.ActiveCfg = Release|x64
		{85ADFC80-A424-4E2F-8B47-B92DF2A8A298}.Release|x64.Build.0 = Release|x64
		{85ADFC80-A424-4E2F-8B47-B92DF2A8A298}.Release|x86.ActiveCfg = Release|Win32
		{85ADFC80-A424-4E2F-8B47-B92DF2A8A298}.Release|x86.Build.0 = Release|Win32
		{BF807482-828F-464D-9A52-CB85D79BCCEA}.Debug|x64.ActiveCfg = Debug|x64
		{BF807482-828F-464D-9A52-CB85D79BCCEA}.Debug|x64.Build.0 = Debug|x64
		{BF807482-828F-464D-9A52-CB85D79BCCEA}.Debug|x86.ActiveCfg = Debug|Win32
		{BF807482-828F-464D-9A52-CB85D79BCCEA}.Debug|x86.Build.0 = Debug|Win32
		{BF807482-828F-464D-9A52-CB85D79BCCEA}.Release|x64.ActiveCfg = Release|x64
		{BF807482-828F-464D-9A52-CB85D79BCCEA}.Release|x64.Build.0 = Release|x64
		{BF807482-828F-464D-9A52-CB85D79BCCEA}.Release|x86.ActiveCfg = Release|Win32
		{BF807482-828F-464D-9A52-CB85D79BCCEA}.Release|x86.Build.0 = Release|Win32
		{2853AC03-053D-4ACC-B29B-B796EB6DF9B2}.Debug|x64.ActiveCfg = Debug|x64
		{2853AC03-053D-4ACC-B29B-B796EB6DF9B2}.Debug|x64.Build.0 = Debug|x64
		{2853AC03-053D-4ACC-B29B-B796EB6DF9B2}.Debug|x86.ActiveCfg = Debug|Win32
		{2853AC03-053D-4ACC-B29B-B796EB6DF9B2}.Debug|x86.Build.0 = Debug|Win32
		{2853AC03-053D-4ACC-B29B-B796EB6DF9B2}.Release|x64.ActiveCfg = Release|x64
		{2853AC03-053D-4ACC-B29B-B796EB6DF9B2}.Release|x64.Build.0 = Release|x64
		{2853AC03-053D-4ACC-B29B-B796EB6DF9B2}.Release|x86.ActiveCfg = Release|Win32
		{2853AC03-053D-4ACC-B29B-B796EB6DF9B2}.Release|x86.Build.0 = Release|Win32
		{4A947922-CE57-408F-AA11-304C61E39EC7}.Debug|x64.ActiveCfg = Debug|x64
		{4A947922-CE57-408F-AA11-304C61E39EC7}.Debug|x64.Build.0 = Debug|x64
		{4A947922-CE57-408F-AA11-304C61E39EC7}.Debug|x86.ActiveCfg = Debug|Win32
		{4A947922-CE57-408F-AA11-304C61E39EC7}.Debug|x86.Build.0 = Debug|Win32
		{4A947922-CE57-408F-AA11-304C61E39EC7}.Release|x64.ActiveCfg = Release|x64
		{4A947922-CE57-408F-AA11-304C61E39EC7}.Release|x64.Build.0 = Release|x64
		{4A947922-CE57-408F-AA11-304C61E39EC7}.Release|x86.ActiveCfg = Release|Win32
		{4A947922-CE57-408F-AA11-304C61E39EC7}.Release|x86.Build.0 = Release|Win32
		{F35A5A76-1811-4564-AA7A-A26C1A71B8EF}.Debug|x64.ActiveCfg = Debug|x64
		{F35A5A76-1811-4564-AA7A-A26C1A71B8EF}.Debug|x64.Build.0 = Debug|x64
		{F35A5A76-1811-4564-AA7A-A26C1A71B8EF}.Debug|x86.ActiveCfg = Debug|Win32
		{F35A5A76-1811-4564-AA7A-A26C1A71B8EF}.Debug|x86.Build.0 = Debug|Win32
		{F35A5A76-1811-4564-AA7A-A26C1A71B8EF}.Release|x64.ActiveCfg = Release|x64
		{F35A5A76-1811-4564-AA7A-A26C1A71B8EF}.Release|x64.Build.0 = Release|x64
		{F35A5A76-1811-4564-AA7A-A26C1A71B8EF}.Release|x86.ActiveCfg = Release|Win32
		{F35A5A76-1811-4564-AA7A-A26C1A71B8EF}.Release|x86.Build.0 = Release|Win32
		{1FFD7E77-C014-4238-9F24-327B536BC4CC}.Debug|x64.ActiveCfg = Debug|x64
		{1FFD7E77-C014-4238-9F24-327B536BC4CC}.Debug|x64.Build.0 = Debug|x64
		{1FFD7E77-C014-4238-9F24-327B536BC4CC}.Debug|x86.ActiveCfg = Debug|Win32
		{1FFD7E77-C014-4238-9F24-327B536BC4CC}.Debug|x86.Build.0 = Debug|Win32
		{1FFD7E77-C014-4238-9F24-327B536BC4CC}.Release|x64.ActiveCfg = Release|x64
		{1FFD7E77-C014-4238-9F24-327B536BC4CC}.Release|x64.Build.0 = Release|x64
		{1FFD7E77-C014-4238-9F24-327B536BC4CC}.Release|x86.ActiveCfg = Release|Win32
		{1FFD7E77-C014-4238-9F24-327B536BC4CC}.Release|x86.Build.0 = Release|Win32
		{DA51CD05-908E-4953-8610-F5308F589D37}.Debug|x64.ActiveCfg = Debug|x64
		{DA51CD05-908E-4953-8610-F5308F589D37}.Debug|x64.Build.0 = Debug|x64
		{DA51CD05-908E-4953-8610-F5308F589D37}.Debug|x86.ActiveCfg = Debug|Win32
		{DA51CD05-908E-4953-8610-F5308F589D37}.Debug|x86.Build.0 = Debug|Win32
		{DA51CD05-908E-4953-8610-F5308F589D37}.Release|x64.ActiveCfg = Release|x64
		{DA51CD05-908E-4953-8610-F5308F589D37}.Release|x64.Build.0 = Release|x64
		{DA51CD05-908E-4953-8610-F5308F589D37}.Release|x86.ActiveCfg = Release|Win32
		{DA51CD05-908E-4953-8610-F5308F589D37}.Release|x86.Build.0 = Release|Win32
	EndGlobalSection
	GlobalSection(SolutionProperties) = preSolution
		HideSolutionNode = FALSE
	EndGlobalSection
	GlobalSection(ExtensibilityGlobals) = postSolution
		SolutionGuid = {2240DB85-090B-4D09-A6CF-CDB67AF42A24}
	EndGlobalSection
EndGlobal
